
Microsoft Visual Studio Solution File, Format Version 12.00
# Visual Studio 15
VisualStudioVersion = 15.0.28010.2050
MinimumVisualStudioVersion = 10.0.40219.1
Project("{FAE04EC0-301F-11D3-BF4B-00C04F79EFBC}") = "Microsoft.Owin.Mvc", "Common\Microsoft.Owin.Mvc\Microsoft.Owin.Mvc.csproj", "{CF4BFC56-81E5-4E83-8E0B-842CE4DA022C}"
EndProject
Project("{FAE04EC0-301F-11D3-BF4B-00C04F79EFBC}") = "Deveplex.Identity.Common", "Common\Deveplex.Identity.Common\Deveplex.Identity.Common.csproj", "{47D95E64-9F76-4307-A824-5125815EEE50}"
EndProject
Project("{FAE04EC0-301F-11D3-BF4B-00C04F79EFBC}") = "System.Net.Core", "Common\System.Net.Core\System.Net.Core.csproj", "{D257A7D2-5E8E-4FA0-B304-73F4188ECF7A}"
EndProject
Global
	GlobalSection(SolutionConfigurationPlatforms) = preSolution
		Debug|Any CPU = Debug|Any CPU
		Release|Any CPU = Release|Any CPU
	EndGlobalSection
	GlobalSection(ProjectConfigurationPlatforms) = postSolution
		{CF4BFC56-81E5-4E83-8E0B-842CE4DA022C}.Debug|Any CPU.ActiveCfg = Debug|Any CPU
		{CF4BFC56-81E5-4E83-8E0B-842CE4DA022C}.Debug|Any CPU.Build.0 = Debug|Any CPU
		{CF4BFC56-81E5-4E83-8E0B-842CE4DA022C}.Release|Any CPU.ActiveCfg = Release|Any CPU
		{CF4BFC56-81E5-4E83-8E0B-842CE4DA022C}.Release|Any CPU.Build.0 = Release|Any CPU
		{47D95E64-9F76-4307-A824-5125815EEE50}.Debug|Any CPU.ActiveCfg = Debug|Any CPU
		{47D95E64-9F76-4307-A824-5125815EEE50}.Debug|Any CPU.Build.0 = Debug|Any CPU
		{47D95E64-9F76-4307-A824-5125815EEE50}.Release|Any CPU.ActiveCfg = Release|Any CPU
		{47D95E64-9F76-4307-A824-5125815EEE50}.Release|Any CPU.Build.0 = Release|Any CPU
		{D257A7D2-5E8E-4FA0-B304-73F4188ECF7A}.Debug|Any CPU.ActiveCfg = Debug|Any CPU
		{D257A7D2-5E8E-4FA0-B304-73F4188ECF7A}.Debug|Any CPU.Build.0 = Debug|Any CPU
		{D257A7D2-5E8E-4FA0-B304-73F4188ECF7A}.Release|Any CPU.ActiveCfg = Release|Any CPU
		{D257A7D2-5E8E-4FA0-B304-73F4188ECF7A}.Release|Any CPU.Build.0 = Release|Any CPU
	EndGlobalSection
	GlobalSection(SolutionProperties) = preSolution
		HideSolutionNode = FALSE
	EndGlobalSection
	GlobalSection(ExtensibilityGlobals) = postSolution
		SolutionGuid = {8D181E4D-F7FA-4C72-9087-69E46484E5E1}
	EndGlobalSection
EndGlobal
